<?xml version="1.0" encoding="utf-8"?>
<Project ToolsVersion="4.0" xmlns="http://schemas.microsoft.com/developer/msbuild/2003">
  <ItemGroup>
    <Filter Include="Source Files">
      <UniqueIdentifier>{4FC737F1-C7A5-4376-A066-2A32D752A2FF}</UniqueIdentifier>
      <Extensions>cpp;c;cc;cxx;def;odl;idl;hpj;bat;asm;asmx</Extensions>
    </Filter>
    <Filter Include="Header Files">
      <UniqueIdentifier>{93995380-89BD-4b04-88EB-625FBE52EBFB}</UniqueIdentifier>
      <Extensions>h;hh;hpp;hxx;hm;inl;inc;ipp;xsd</Extensions>
    </Filter>
    <Filter Include="Resource Files">
      <UniqueIdentifier>{67DA6AB6-F800-4c08-8B7A-83BB121AAD01}</UniqueIdentifier>
      <Extensions>rc;ico;cur;bmp;dlg;rc2;rct;bin;rgs;gif;jpg;jpeg;jpe;resx;tiff;tif;png;wav;mfcribbon-ms</Extensions>
    </Filter>
  </ItemGroup>
  <ItemGroup>
    <ClCompile Include="WinMain.cpp">
      <Filter>Source Files</Filter>
    </ClCompile>
    <ClCompile Include="StampIndent.cpp">
      <Filter>Source Files</Filter>
    </ClCompile>
    <ClCompile Include="StampDrawer.cpp">
      <Filter>Source Files</Filter>
    </ClCompile>
    <ClCompile Include="StringProcessor.cpp">
      <Filter>Source Files</Filter>
    </ClCompile>
    <ClCompile Include="WindowProcessor.cpp">
      <Filter>Source Files</Filter>
    </ClCompile>
    <ClCompile Include="RectangleStampDrawer.cpp">
      <Filter>Source Files</Filter>
    </ClCompile>
    <ClCompile Include="BitmapProcessor.cpp">
      <Filter>Source Files</Filter>
    </ClCompile>
    <ClCompile Include="FontProcessor.cpp">
      <Filter>Source Files</Filter>
    </ClCompile>
    <ClCompile Include="XformCreator.cpp">
      <Filter>Source Files</Filter>
    </ClCompile>
    <ClCompile Include="StampWindowController.cpp">
      <Filter>Source Files</Filter>
    </ClCompile>
    <ClCompile Include="EllipseStampDrawer.cpp">
      <Filter>Source Files</Filter>
    </ClCompile>
    <ClCompile Include="DeviceContextProcessor.cpp">
      <Filter>Source Files</Filter>
    </ClCompile>
    <ClCompile Include="SemicircleStampDrawer.cpp">
      <Filter>Source Files</Filter>
    </ClCompile>
  </ItemGroup>
  <ItemGroup>
    <ClInclude Include="StampIndent.h">
      <Filter>Source Files</Filter>
    </ClInclude>
    <ClInclude Include="StampDrawer.h">
      <Filter>Source Files</Filter>
    </ClInclude>
    <ClInclude Include="StringProcessor.h">
      <Filter>Source Files</Filter>
    </ClInclude>
    <ClInclude Include="WindowProcessor.h">
      <Filter>Source Files</Filter>
    </ClInclude>
    <ClInclude Include="RectangleStampDrawer.h">
      <Filter>Source Files</Filter>
    </ClInclude>
    <ClInclude Include="BitmapProcessor.h">
      <Filter>Source Files</Filter>
    </ClInclude>
    <ClInclude Include="FontProcessor.h">
      <Filter>Source Files</Filter>
    </ClInclude>
    <ClInclude Include="XformCreator.h">
      <Filter>Source Files</Filter>
    </ClInclude>
    <ClInclude Include="StampWindowController.h">
      <Filter>Source Files</Filter>
    </ClInclude>
    <ClInclude Include="EllipseStampDrawer.h">
      <Filter>Source Files</Filter>
    </ClInclude>
    <ClInclude Include="DeviceContextProcessor.h">
      <Filter>Source Files</Filter>
    </ClInclude>
    <ClInclude Include="SemicircleStampDrawer.h">
      <Filter>Source Files</Filter>
    </ClInclude>
  </ItemGroup>
</Project>